// !$*UTF8*$!
{
	archiveVersion = 1;
	classes = {
	};
	objectVersion = 46;
	objects = {

/* Begin PBXBuildFile section */
		16F8E53B1ECD6C53004515FE /* main.m in Sources */ = {isa = PBXBuildFile; fileRef = 16F8E53A1ECD6C53004515FE /* main.m */; };
		16F8E53E1ECD6C53004515FE /* AppDelegate.m in Sources */ = {isa = PBXBuildFile; fileRef = 16F8E53D1ECD6C53004515FE /* AppDelegate.m */; };
		16F8E5411ECD6C53004515FE /* ViewController.m in Sources */ = {isa = PBXBuildFile; fileRef = 16F8E5401ECD6C53004515FE /* ViewController.m */; };
		16F8E5441ECD6C53004515FE /* Main.storyboard in Resources */ = {isa = PBXBuildFile; fileRef = 16F8E5421ECD6C53004515FE /* Main.storyboard */; };
		16F8E5461ECD6C53004515FE /* Assets.xcassets in Resources */ = {isa = PBXBuildFile; fileRef = 16F8E5451ECD6C53004515FE /* Assets.xcassets */; };
		16F8E5491ECD6C53004515FE /* LaunchScreen.storyboard in Resources */ = {isa = PBXBuildFile; fileRef = 16F8E5471ECD6C53004515FE /* LaunchScreen.storyboard */; };
		16F8E5541ECD6C53004515FE /* wawaTextTests.m in Sources */ = {isa = PBXBuildFile; fileRef = 16F8E5531ECD6C53004515FE /* wawaTextTests.m */; };
		16F8E55F1ECD6C53004515FE /* wawaTextUITests.m in Sources */ = {isa = PBXBuildFile; fileRef = 16F8E55E1ECD6C53004515FE /* wawaTextUITests.m */; };
/* End PBXBuildFile section */

/* Begin PBXContainerItemProxy section */
		16F8E5501ECD6C53004515FE /* PBXContainerItemProxy */ = {
			isa = PBXContainerItemProxy;
			containerPortal = 16F8E52E1ECD6C53004515FE /* Project object */;
			proxyType = 1;
			remoteGlobalIDString = 16F8E5351ECD6C53004515FE;
			remoteInfo = wawaText;
		};
		16F8E55B1ECD6C53004515FE /* PBXContainerItemProxy */ = {
			isa = PBXContainerItemProxy;
			containerPortal = 16F8E52E1ECD6C53004515FE /* Project object */;
			proxyType = 1;
			remoteGlobalIDString = 16F8E5351ECD6C53004515FE;
			remoteInfo = wawaText;
		};
/* End PBXContainerItemProxy section */

/* Begin PBXFileReference section */
		16F8E5361ECD6C53004515FE /* wawaText.app */ = {isa = PBXFileReference; explicitFileType = wrapper.application; includeInIndex = 0; path = wawaText.app; sourceTree = BUILT_PRODUCTS_DIR; };
		16F8E53A1ECD6C53004515FE /* main.m */ = {isa = PBXFileReference; lastKnownFileType = sourcecode.c.objc; path = main.m; sourceTree = "<group>"; };
		16F8E53C1ECD6C53004515FE /* AppDelegate.h */ = {isa = PBXFileReference; lastKnownFileType = sourcecode.c.h; path = AppDelegate.h; sourceTree = "<group>"; };
		16F8E53D1ECD6C53004515FE /* AppDelegate.m */ = {isa = PBXFileReference; lastKnownFileType = sourcecode.c.objc; path = AppDelegate.m; sourceTree = "<group>"; };
		16F8E53F1ECD6C53004515FE /* ViewController.h */ = {isa = PBXFileReference; lastKnownFileType = sourcecode.c.h; path = ViewController.h; sourceTree = "<group>"; };
		16F8E5401ECD6C53004515FE /* ViewController.m */ = {isa = PBXFileReference; lastKnownFileType = sourcecode.c.objc; path = ViewController.m; sourceTree = "<group>"; };
		16F8E5431ECD6C53004515FE /* Base */ = {isa = PBXFileReference; lastKnownFileType = file.storyboard; name = Base; path = Base.lproj/Main.storyboard; sourceTree = "<group>"; };
		16F8E5451ECD6C53004515FE /* Assets.xcassets */ = {isa = PBXFileReference; lastKnownFileType = folder.assetcatalog; path = Assets.xcassets; sourceTree = "<group>"; };
		16F8E5481ECD6C53004515FE /* Base */ = {isa = PBXFileReference; lastKnownFileType = file.storyboard; name = Base; path = Base.lproj/LaunchScreen.storyboard; sourceTree = "<group>"; };
		16F8E54A1ECD6C53004515FE /* Info.plist */ = {isa = PBXFileReference; lastKnownFileType = text.plist.xml; path = Info.plist; sourceTree = "<group>"; };
		16F8E54F1ECD6C53004515FE /* wawaTextTests.xctest */ = {isa = PBXFileReference; explicitFileType = wrapper.cfbundle; includeInIndex = 0; path = wawaTextTests.xctest; sourceTree = BUILT_PRODUCTS_DIR; };
		16F8E5531ECD6C53004515FE /* wawaTextTests.m */ = {isa = PBXFileReference; lastKnownFileType = sourcecode.c.objc; path = wawaTextTests.m; sourceTree = "<group>"; };
		16F8E5551ECD6C53004515FE /* Info.plist */ = {isa = PBXFileReference; lastKnownFileType = text.plist.xml; path = Info.plist; sourceTree = "<group>"; };
		16F8E55A1ECD6C53004515FE /* wawaTextUITests.xctest */ = {isa = PBXFileReference; explicitFileType = wrapper.cfbundle; includeInIndex = 0; path = wawaTextUITests.xctest; sourceTree = BUILT_PRODUCTS_DIR; };
		16F8E55E1ECD6C53004515FE /* wawaTextUITests.m */ = {isa = PBXFileReference; lastKnownFileType = sourcecode.c.objc; path = wawaTextUITests.m; sourceTree = "<group>"; };
		16F8E5601ECD6C53004515FE /* Info.plist */ = {isa = PBXFileReference; lastKnownFileType = text.plist.xml; path = Info.plist; sourceTree = "<group>"; };
/* End PBXFileReference section */

/* Begin PBXFrameworksBuildPhase section */
		16F8E5331ECD6C53004515FE /* Frameworks */ = {
			isa = PBXFrameworksBuildPhase;
			buildActionMask = 2147483647;
			files = (
			);
			runOnlyForDeploymentPostprocessing = 0;
		};
		16F8E54C1ECD6C53004515FE /* Frameworks */ = {
			isa = PBXFrameworksBuildPhase;
			buildActionMask = 2147483647;
			files = (
			);
			runOnlyForDeploymentPostprocessing = 0;
		};
		16F8E5571ECD6C53004515FE /* Frameworks */ = {
			isa = PBXFrameworksBuildPhase;
			buildActionMask = 2147483647;
			files = (
			);
			runOnlyForDeploymentPostprocessing = 0;
		};
/* End PBXFrameworksBuildPhase section */

/* Begin PBXGroup section */
		16F8E52D1ECD6C53004515FE = {
			isa = PBXGroup;
			children = (
				16F8E5381ECD6C53004515FE /* wawaText */,
				16F8E5521ECD6C53004515FE /* wawaTextTests */,
				16F8E55D1ECD6C53004515FE /* wawaTextUITests */,
				16F8E5371ECD6C53004515FE /* Products */,
			);
			sourceTree = "<group>";
		};
		16F8E5371ECD6C53004515FE /* Products */ = {
			isa = PBXGroup;
			children = (
				16F8E5361ECD6C53004515FE /* wawaText.app */,
				16F8E54F1ECD6C53004515FE /* wawaTextTests.xctest */,
				16F8E55A1ECD6C53004515FE /* wawaTextUITests.xctest */,
			);
			name = Products;
			sourceTree = "<group>";
		};
		16F8E5381ECD6C53004515FE /* wawaText */ = {
			isa = PBXGroup;
			children = (
				16F8E53C1ECD6C53004515FE /* AppDelegate.h */,
				16F8E53D1ECD6C53004515FE /* AppDelegate.m */,
				16F8E53F1ECD6C53004515FE /* ViewController.h */,
				16F8E5401ECD6C53004515FE /* ViewController.m */,
				16F8E5421ECD6C53004515FE /* Main.storyboard */,
				16F8E5451ECD6C53004515FE /* Assets.xcassets */,
				16F8E5471ECD6C53004515FE /* LaunchScreen.storyboard */,
				16F8E54A1ECD6C53004515FE /* Info.plist */,
				16F8E5391ECD6C53004515FE /* Supporting Files */,
			);
			path = wawaText;
			sourceTree = "<group>";
		};
		16F8E5391ECD6C53004515FE /* Supporting Files */ = {
			isa = PBXGroup;
			children = (
				16F8E53A1ECD6C53004515FE /* main.m */,
			);
			name = "Supporting Files";
			sourceTree = "<group>";
		};
		16F8E5521ECD6C53004515FE /* wawaTextTests */ = {
			isa = PBXGroup;
			children = (
				16F8E5531ECD6C53004515FE /* wawaTextTests.m */,
				16F8E5551ECD6C53004515FE /* Info.plist */,
			);
			path = wawaTextTests;
			sourceTree = "<group>";
		};
		16F8E55D1ECD6C53004515FE /* wawaTextUITests */ = {
			isa = PBXGroup;
			children = (
				16F8E55E1ECD6C53004515FE /* wawaTextUITests.m */,
				16F8E5601ECD6C53004515FE /* Info.plist */,
			);
			path = wawaTextUITests;
			sourceTree = "<group>";
		};
/* End PBXGroup section */

/* Begin PBXNativeTarget section */
		16F8E5351ECD6C53004515FE /* wawaText */ = {
			isa = PBXNativeTarget;
			buildConfigurationList = 16F8E5631ECD6C53004515FE /* Build configuration list for PBXNativeTarget "wawaText" */;
			buildPhases = (
				16F8E5321ECD6C53004515FE /* Sources */,
				16F8E5331ECD6C53004515FE /* Frameworks */,
				16F8E5341ECD6C53004515FE /* Resources */,
			);
			buildRules = (
			);
			dependencies = (
			);
			name = wawaText;
			productName = wawaText;
			productReference = 16F8E5361ECD6C53004515FE /* wawaText.app */;
			productType = "com.apple.product-type.application";
		};
		16F8E54E1ECD6C53004515FE /* wawaTextTests */ = {
			isa = PBXNativeTarget;
			buildConfigurationList = 16F8E5661ECD6C53004515FE /* Build configuration list for PBXNativeTarget "wawaTextTests" */;
			buildPhases = (
				16F8E54B1ECD6C53004515FE /* Sources */,
				16F8E54C1ECD6C53004515FE /* Frameworks */,
				16F8E54D1ECD6C53004515FE /* Resources */,
			);
			buildRules = (
			);
			dependencies = (
				16F8E5511ECD6C53004515FE /* PBXTargetDependency */,
			);
			name = wawaTextTests;
			productName = wawaTextTests;
			productReference = 16F8E54F1ECD6C53004515FE /* wawaTextTests.xctest */;
			productType = "com.apple.product-type.bundle.unit-test";
		};
		16F8E5591ECD6C53004515FE /* wawaTextUITests */ = {
			isa = PBXNativeTarget;
			buildConfigurationList = 16F8E5691ECD6C53004515FE /* Build configuration list for PBXNativeTarget "wawaTextUITests" */;
			buildPhases = (
				16F8E5561ECD6C53004515FE /* Sources */,
				16F8E5571ECD6C53004515FE /* Frameworks */,
				16F8E5581ECD6C53004515FE /* Resources */,
			);
			buildRules = (
			);
			dependencies = (
				16F8E55C1ECD6C53004515FE /* PBXTargetDependency */,
			);
			name = wawaTextUITests;
			productName = wawaTextUITests;
			productReference = 16F8E55A1ECD6C53004515FE /* wawaTextUITests.xctest */;
			productType = "com.apple.product-type.bundle.ui-testing";
		};
/* End PBXNativeTarget section */

/* Begin PBXProject section */
		16F8E52E1ECD6C53004515FE /* Project object */ = {
			isa = PBXProject;
			attributes = {
				LastUpgradeCheck = 0820;
				ORGANIZATIONNAME = byf;
				TargetAttributes = {
					16F8E5351ECD6C53004515FE = {
						CreatedOnToolsVersion = 8.2.1;
						ProvisioningStyle = Automatic;
					};
					16F8E54E1ECD6C53004515FE = {
						CreatedOnToolsVersion = 8.2.1;
						ProvisioningStyle = Automatic;
						TestTargetID = 16F8E5351ECD6C53004515FE;
					};
					16F8E5591ECD6C53004515FE = {
						CreatedOnToolsVersion = 8.2.1;
						ProvisioningStyle = Automatic;
						TestTargetID = 16F8E5351ECD6C53004515FE;
					};
				};
			};
			buildConfigurationList = 16F8E5311ECD6C53004515FE /* Build configuration list for PBXProject "wawaText" */;
			compatibilityVersion = "Xcode 3.2";
			developmentRegion = English;
			hasScannedForEncodings = 0;
			knownRegions = (
				en,
				Base,
			);
			mainGroup = 16F8E52D1ECD6C53004515FE;
			productRefGroup = 16F8E5371ECD6C53004515FE /* Products */;
			projectDirPath = "";
			projectRoot = "";
			targets = (
				16F8E5351ECD6C53004515FE /* wawaText */,
				16F8E54E1ECD6C53004515FE /* wawaTextTests */,
				16F8E5591ECD6C53004515FE /* wawaTextUITests */,
			);
		};
/* End PBXProject section */

/* Begin PBXResourcesBuildPhase section */
		16F8E5341ECD6C53004515FE /* Resources */ = {
			isa = PBXResourcesBuildPhase;
			buildActionMask = 2147483647;
			files = (
				16F8E5491ECD6C53004515FE /* LaunchScreen.storyboard in Resources */,
				16F8E5461ECD6C53004515FE /* Assets.xcassets in Resources */,
				16F8E5441ECD6C53004515FE /* Main.storyboard in Resources */,
			);
			runOnlyForDeploymentPostprocessing = 0;
		};
		16F8E54D1ECD6C53004515FE /* Resources */ = {
			isa = PBXResourcesBuildPhase;
			buildActionMask = 2147483647;
			files = (
			);
			runOnlyForDeploymentPostprocessing = 0;
		};
		16F8E5581ECD6C53004515FE /* Resources */ = {
			isa = PBXResourcesBuildPhase;
			buildActionMask = 2147483647;
			files = (
			);
			runOnlyForDeploymentPostprocessing = 0;
		};
/* End PBXResourcesBuildPhase section */

/* Begin PBXSourcesBuildPhase section */
		16F8E5321ECD6C53004515FE /* Sources */ = {
			isa = PBXSourcesBuildPhase;
			buildActionMask = 2147483647;
			files = (
				16F8E5411ECD6C53004515FE /* ViewController.m in Sources */,
				16F8E53E1ECD6C53004515FE /* AppDelegate.m in Sources */,
				16F8E53B1ECD6C53004515FE /* main.m in Sources */,
			);
			runOnlyForDeploymentPostprocessing = 0;
		};
		16F8E54B1ECD6C53004515FE /* Sources */ = {
			isa = PBXSourcesBuildPhase;
			buildActionMask = 2147483647;
			files = (
				16F8E5541ECD6C53004515FE /* wawaTextTests.m in Sources */,
			);
			runOnlyForDeploymentPostprocessing = 0;
		};
		16F8E5561ECD6C53004515FE /* Sources */ = {
			isa = PBXSourcesBuildPhase;
			buildActionMask = 2147483647;
			files = (
				16F8E55F1ECD6C53004515FE /* wawaTextUITests.m in Sources */,
			);
			runOnlyForDeploymentPostprocessing = 0;
		};
/* End PBXSourcesBuildPhase section */

/* Begin PBXTargetDependency section */
		16F8E5511ECD6C53004515FE /* PBXTargetDependency */ = {
			isa = PBXTargetDependency;
			target = 16F8E5351ECD6C53004515FE /* wawaText */;
			targetProxy = 16F8E5501ECD6C53004515FE /* PBXContainerItemProxy */;
		};
		16F8E55C1ECD6C53004515FE /* PBXTargetDependency */ = {
			isa = PBXTargetDependency;
			target = 16F8E5351ECD6C53004515FE /* wawaText */;
			targetProxy = 16F8E55B1ECD6C53004515FE /* PBXContainerItemProxy */;
		};
/* End PBXTargetDependency section */

/* Begin PBXVariantGroup section */
		16F8E5421ECD6C53004515FE /* Main.storyboard */ = {
			isa = PBXVariantGroup;
			children = (
				16F8E5431ECD6C53004515FE /* Base */,
			);
			name = Main.storyboard;
			sourceTree = "<group>";
		};
		16F8E5471ECD6C53004515FE /* LaunchScreen.storyboard */ = {
			isa = PBXVariantGroup;
			children = (
				16F8E5481ECD6C53004515FE /* Base */,
			);
			name = LaunchScreen.storyboard;
			sourceTree = "<group>";
		};
/* End PBXVariantGroup section */

/* Begin XCBuildConfiguration section */
		16F8E5611ECD6C53004515FE /* Debug */ = {
			isa = XCBuildConfiguration;
			buildSettings = {
				ALWAYS_SEARCH_USER_PATHS = NO;
				CLANG_ANALYZER_NONNULL = YES;
				CLANG_CXX_LANGUAGE_STANDARD = "gnu++0x";
				CLANG_CXX_LIBRARY = "libc++";
				CLANG_ENABLE_MODULES = YES;
				CLANG_ENABLE_OBJC_ARC = YES;
				CLANG_WARN_BOOL_CONVERSION = YES;
				CLANG_WARN_CONSTANT_CONVERSION = YES;
				CLANG_WARN_DIRECT_OBJC_ISA_USAGE = YES_ERROR;
				CLANG_WARN_DOCUMENTATION_COMMENTS = YES;
				CLANG_WARN_EMPTY_BODY = YES;
				CLANG_WARN_ENUM_CONVERSION = YES;
				CLANG_WARN_INFINITE_RECURSION = YES;
				CLANG_WARN_INT_CONVERSION = YES;
				CLANG_WARN_OBJC_ROOT_CLASS = YES_ERROR;
				CLANG_WARN_SUSPICIOUS_MOVE = YES;
				CLANG_WARN_UNREACHABLE_CODE = YES;
				CLANG_WARN__DUPLICATE_METHOD_MATCH = YES;
				"CODE_SIGN_IDENTITY[sdk=iphoneos*]" = "iPhone Developer";
				COPY_PHASE_STRIP = NO;
				DEBUG_INFORMATION_FORMAT = dwarf;
				ENABLE_STRICT_OBJC_MSGSEND = YES;
				ENABLE_TESTABILITY = YES;
				GCC_C_LANGUAGE_STANDARD = gnu99;
				GCC_DYNAMIC_NO_PIC = NO;
				GCC_NO_COMMON_BLOCKS = YES;
				GCC_OPTIMIZATION_LEVEL = 0;
				GCC_PREPROCESSOR_DEFINITIONS = (
					"DEBUG=1",
					"$(inherited)",
				);
				GCC_WARN_64_TO_32_BIT_CONVERSION = YES;
				GCC_WARN_ABOUT_RETURN_TYPE = YES_ERROR;
				GCC_WARN_UNDECLARED_SELECTOR = YES;
				GCC_WARN_UNINITIALIZED_AUTOS = YES_AGGRESSIVE;
				GCC_WARN_UNUSED_FUNCTION = YES;
				GCC_WARN_UNUSED_VARIABLE = YES;
				IPHONEOS_DEPLOYMENT_TARGET = 10.2;
				MTL_ENABLE_DEBUG_INFO = YES;
				ONLY_ACTIVE_ARCH = YES;
				SDKROOT = iphoneos;
				TARGETED_DEVICE_FAMILY = "1,2";
			};
			name = Debug;
		};
		16F8E5621ECD6C53004515FE /* Release */ = {
			isa = XCBuildConfiguration;
			buildSettings = {
				ALWAYS_SEARCH_USER_PATHS = NO;
				CLANG_ANALYZER_NONNULL = YES;
				CLANG_CXX_LANGUAGE_STANDARD = "gnu++0x";
				CLANG_CXX_LIBRARY = "libc++";
				CLANG_ENABLE_MODULES = YES;
				CLANG_ENABLE_OBJC_ARC = YES;
				CLANG_WARN_BOOL_CONVERSION = YES;
				CLANG_WARN_CONSTANT_CONVERSION = YES;
				CLANG_WARN_DIRECT_OBJC_ISA_USAGE = YES_ERROR;
				CLANG_WARN_DOCUMENTATION_COMMENTS = YES;
				CLANG_WARN_EMPTY_BODY = YES;
				CLANG_WARN_ENUM_CONVERSION = YES;
				CLANG_WARN_INFINITE_RECURSION = YES;
				CLANG_WARN_INT_CONVERSION = YES;
				CLANG_WARN_OBJC_ROOT_CLASS = YES_ERROR;
				CLANG_WARN_SUSPICIOUS_MOVE = YES;
				CLANG_WARN_UNREACHABLE_CODE = YES;
				CLANG_WARN__DUPLICATE_METHOD_MATCH = YES;
				"CODE_SIGN_IDENTITY[sdk=iphoneos*]" = "iPhone Developer";
				COPY_PHASE_STRIP = NO;
				DEBUG_INFORMATION_FORMAT = "dwarf-with-dsym";
				ENABLE_NS_ASSERTIONS = NO;
				ENABLE_STRICT_OBJC_MSGSEND = YES;
				GCC_C_LANGUAGE_STANDARD = gnu99;
				GCC_NO_COMMON_BLOCKS = YES;
				GCC_WARN_64_TO_32_BIT_CONVERSION = YES;
				GCC_WARN_ABOUT_RETURN_TYPE = YES_ERROR;
				GCC_WARN_UNDECLARED_SELECTOR = YES;
				GCC_WARN_UNINITIALIZED_AUTOS = YES_AGGRESSIVE;
				GCC_WARN_UNUSED_FUNCTION = YES;
				GCC_WARN_UNUSED_VARIABLE = YES;
				IPHONEOS_DEPLOYMENT_TARGET = 10.2;
				MTL_ENABLE_DEBUG_INFO = NO;
				SDKROOT = iphoneos;
				TARGETED_DEVICE_FAMILY = "1,2";
				VALIDATE_PRODUCT = YES;
			};
			name = Release;
		};
		16F8E5641ECD6C53004515FE /* Debug */ = {
			isa = XCBuildConfiguration;
			buildSettings = {
				ASSETCATALOG_COMPILER_APPICON_NAME = AppIcon;
				INFOPLIST_FILE = wawaText/Info.plist;
				LD_RUNPATH_SEARCH_PATHS = "$(inherited) @executable_path/Frameworks";
				PRODUCT_BUNDLE_IDENTIFIER = com.zijian.wawaText;
				PRODUCT_NAME = "$(TARGET_NAME)";
			};
			name = Debug;
		};
		16F8E5651ECD6C53004515FE /* Release */ = {
			isa = XCBuildConfiguration;
			buildSettings = {
				ASSETCATALOG_COMPILER_APPICON_NAME = AppIcon;
				INFOPLIST_FILE = wawaText/Info.plist;
				LD_RUNPATH_SEARCH_PATHS = "$(inherited) @executable_path/Frameworks";
				PRODUCT_BUNDLE_IDENTIFIER = com.zijian.wawaText;
				PRODUCT_NAME = "$(TARGET_NAME)";
			};
			name = Release;
		};
		16F8E5671ECD6C53004515FE /* Debug */ = {
			isa = XCBuildConfiguration;
			buildSettings = {
				BUNDLE_LOADER = "$(TEST_HOST)";
				INFOPLIST_FILE = wawaTextTests/Info.plist;
				LD_RUNPATH_SEARCH_PATHS = "$(inherited) @executable_path/Frameworks @loader_path/Frameworks";
				PRODUCT_BUNDLE_IDENTIFIER = com.zijian.wawaTextTests;
				PRODUCT_NAME = "$(TARGET_NAME)";
				TEST_HOST = "$(BUILT_PRODUCTS_DIR)/wawaText.app/wawaText";
			};
			name = Debug;
		};
		16F8E5681ECD6C53004515FE /* Release */ = {
			isa = XCBuildConfiguration;
			buildSettings = {
				BUNDLE_LOADER = "$(TEST_HOST)";
				INFOPLIST_FILE = wawaTextTests/Info.plist;
				LD_RUNPATH_SEARCH_PATHS = "$(inherited) @executable_path/Frameworks @loader_path/Frameworks";
				PRODUCT_BUNDLE_IDENTIFIER = com.zijian.wawaTextTests;
				PRODUCT_NAME = "$(TARGET_NAME)";
				TEST_HOST = "$(BUILT_PRODUCTS_DIR)/wawaText.app/wawaText";
			};
			name = Release;
		};
		16F8E56A1ECD6C53004515FE /* Debug */ = {
			isa = XCBuildConfiguration;
			buildSettings = {
				INFOPLIST_FILE = wawaTextUITests/Info.plist;
				LD_RUNPATH_SEARCH_PATHS = "$(inherited) @executable_path/Frameworks @loader_path/Frameworks";
				PRODUCT_BUNDLE_IDENTIFIER = com.zijian.wawaTextUITests;
				PRODUCT_NAME = "$(TARGET_NAME)";
				TEST_TARGET_NAME = wawaText;
			};
			name = Debug;
		};
		16F8E56B1ECD6C53004515FE /* Release */ = {
			isa = XCBuildConfiguration;
			buildSettings = {
				INFOPLIST_FILE = wawaTextUITests/Info.plist;
				LD_RUNPATH_SEARCH_PATHS = "$(inherited) @executable_path/Frameworks @loader_path/Frameworks";
				PRODUCT_BUNDLE_IDENTIFIER = com.zijian.wawaTextUITests;
				PRODUCT_NAME = "$(TARGET_NAME)";
				TEST_TARGET_NAME = wawaText;
			};
			name = Release;
		};
/* End XCBuildConfiguration section */

/* Begin XCConfigurationList section */
		16F8E5311ECD6C53004515FE /* Build configuration list for PBXProject "wawaText" */ = {
			isa = XCConfigurationList;
			buildConfigurations = (
				16F8E5611ECD6C53004515FE /* Debug */,
				16F8E5621ECD6C53004515FE /* Release */,
			);
			defaultConfigurationIsVisible = 0;
			defaultConfigurationName = Release;
		};
		16F8E5631ECD6C53004515FE /* Build configuration list for PBXNativeTarget "wawaText" */ = {
			isa = XCConfigurationList;
			buildConfigurations = (
				16F8E5641ECD6C53004515FE /* Debug */,
				16F8E5651ECD6C53004515FE /* Release */,
			);
			defaultConfigurationIsVisible = 0;
		};
		16F8E5661ECD6C53004515FE /* Build configuration list for PBXNativeTarget "wawaTextTests" */ = {
			isa = XCConfigurationList;
			buildConfigurations = (
				16F8E5671ECD6C53004515FE /* Debug */,
				16F8E5681ECD6C53004515FE /* Release */,
			);
			defaultConfigurationIsVisible = 0;
		};
		16F8E5691ECD6C53004515FE /* Build configuration list for PBXNativeTarget "wawaTextUITests" */ = {
			isa = XCConfigurationList;
			buildConfigurations = (
				16F8E56A1ECD6C53004515FE /* Debug */,
				16F8E56B1ECD6C53004515FE /* Release */,
			);
			defaultConfigurationIsVisible = 0;
		};
/* End XCConfigurationList section */
	};
	rootObject = 16F8E52E1ECD6C53004515FE /* Project object */;
}
